// !$*UTF8*$!
{
	archiveVersion = 1;
	classes = {
	};
	objectVersion = 56;
	objects = {

/* Begin PBXBuildFile section */
		0A6C00832912544E00003294 /* AppDelegate.swift in Sources */ = {isa = PBXBuildFile; fileRef = 0A6C00822912544E00003294 /* AppDelegate.swift */; };
		0A6C00852912544E00003294 /* SceneDelegate.swift in Sources */ = {isa = PBXBuildFile; fileRef = 0A6C00842912544E00003294 /* SceneDelegate.swift */; };
		0A6C00872912544E00003294 /* ViewController.swift in Sources */ = {isa = PBXBuildFile; fileRef = 0A6C00862912544E00003294 /* ViewController.swift */; };
		0A6C008A2912544E00003294 /* Main.storyboard in Resources */ = {isa = PBXBuildFile; fileRef = 0A6C00882912544E00003294 /* Main.storyboard */; };
		0A6C008C2912544F00003294 /* Assets.xcassets in Resources */ = {isa = PBXBuildFile; fileRef = 0A6C008B2912544F00003294 /* Assets.xcassets */; };
		0A6C008F2912544F00003294 /* LaunchScreen.storyboard in Resources */ = {isa = PBXBuildFile; fileRef = 0A6C008D2912544F00003294 /* LaunchScreen.storyboard */; };
		0A6C0099291254BA00003294 /* SignUpViewController.swift in Sources */ = {isa = PBXBuildFile; fileRef = 0A6C0098291254BA00003294 /* SignUpViewController.swift */; };
		0A6C009B2912550200003294 /* SeSACAPI.swift in Sources */ = {isa = PBXBuildFile; fileRef = 0A6C009A2912550200003294 /* SeSACAPI.swift */; };
		0A6C009F291255EE00003294 /* Alamofire in Frameworks */ = {isa = PBXBuildFile; productRef = 0A6C009E291255EE00003294 /* Alamofire */; };
		0A6C00A12912575200003294 /* APIService.swift in Sources */ = {isa = PBXBuildFile; fileRef = 0A6C00A02912575200003294 /* APIService.swift */; };
		0A6C00A329127A5800003294 /* Login.swift in Sources */ = {isa = PBXBuildFile; fileRef = 0A6C00A229127A5800003294 /* Login.swift */; };
		0A6C00A529127B8B00003294 /* Profile.swift in Sources */ = {isa = PBXBuildFile; fileRef = 0A6C00A429127B8B00003294 /* Profile.swift */; };
		0A6C00A729127B9400003294 /* User.swift in Sources */ = {isa = PBXBuildFile; fileRef = 0A6C00A629127B9400003294 /* User.swift */; };
		0A6C00AA2912819300003294 /* StatusCode.swift in Sources */ = {isa = PBXBuildFile; fileRef = 0A6C00A92912819300003294 /* StatusCode.swift */; };
		0A6C00AD2912881100003294 /* Alert+Extension.swift in Sources */ = {isa = PBXBuildFile; fileRef = 0A6C00AC2912881100003294 /* Alert+Extension.swift */; };
		0A6C00B02912884700003294 /* BaseViewController.swift in Sources */ = {isa = PBXBuildFile; fileRef = 0A6C00AF2912884700003294 /* BaseViewController.swift */; };
		0A6C00B32912886B00003294 /* SnapKit in Frameworks */ = {isa = PBXBuildFile; productRef = 0A6C00B22912886B00003294 /* SnapKit */; };
		0A6C00B62912887700003294 /* Then in Frameworks */ = {isa = PBXBuildFile; productRef = 0A6C00B52912887700003294 /* Then */; };
		0A6C00B82912888900003294 /* BaseView.swift in Sources */ = {isa = PBXBuildFile; fileRef = 0A6C00B72912888900003294 /* BaseView.swift */; };
		0A6C00BB291288B500003294 /* SignUpView.swift in Sources */ = {isa = PBXBuildFile; fileRef = 0A6C00BA291288B500003294 /* SignUpView.swift */; };
		0A6C00C0291289A500003294 /* CustomTextField.swift in Sources */ = {isa = PBXBuildFile; fileRef = 0A6C00BF291289A500003294 /* CustomTextField.swift */; };
		0A6C00C229128DB500003294 /* String+Extension.swift in Sources */ = {isa = PBXBuildFile; fileRef = 0A6C00C129128DB500003294 /* String+Extension.swift */; };
		0A6C00C429128FC200003294 /* CustomLabel.swift in Sources */ = {isa = PBXBuildFile; fileRef = 0A6C00C329128FC200003294 /* CustomLabel.swift */; };
		0A6C00C6291296CF00003294 /* SignUpViewModel.swift in Sources */ = {isa = PBXBuildFile; fileRef = 0A6C00C5291296CF00003294 /* SignUpViewModel.swift */; };
		0A6C00C92912980C00003294 /* RxCocoa in Frameworks */ = {isa = PBXBuildFile; productRef = 0A6C00C82912980C00003294 /* RxCocoa */; };
		0A6C00CB2912980D00003294 /* RxSwift in Frameworks */ = {isa = PBXBuildFile; productRef = 0A6C00CA2912980D00003294 /* RxSwift */; };
		0A6C00CD2912B58100003294 /* GuideLabel.swift in Sources */ = {isa = PBXBuildFile; fileRef = 0A6C00CC2912B58100003294 /* GuideLabel.swift */; };
		0A6C00CF2912C53100003294 /* Inset+Extension.swift in Sources */ = {isa = PBXBuildFile; fileRef = 0A6C00CE2912C53100003294 /* Inset+Extension.swift */; };
/* End PBXBuildFile section */

/* Begin PBXFileReference section */
		0A6C007F2912544E00003294 /* SignUp.app */ = {isa = PBXFileReference; explicitFileType = wrapper.application; includeInIndex = 0; path = SignUp.app; sourceTree = BUILT_PRODUCTS_DIR; };
		0A6C00822912544E00003294 /* AppDelegate.swift */ = {isa = PBXFileReference; lastKnownFileType = sourcecode.swift; path = AppDelegate.swift; sourceTree = "<group>"; };
		0A6C00842912544E00003294 /* SceneDelegate.swift */ = {isa = PBXFileReference; lastKnownFileType = sourcecode.swift; path = SceneDelegate.swift; sourceTree = "<group>"; };
		0A6C00862912544E00003294 /* ViewController.swift */ = {isa = PBXFileReference; lastKnownFileType = sourcecode.swift; path = ViewController.swift; sourceTree = "<group>"; };
		0A6C00892912544E00003294 /* Base */ = {isa = PBXFileReference; lastKnownFileType = file.storyboard; name = Base; path = Base.lproj/Main.storyboard; sourceTree = "<group>"; };
		0A6C008B2912544F00003294 /* Assets.xcassets */ = {isa = PBXFileReference; lastKnownFileType = folder.assetcatalog; path = Assets.xcassets; sourceTree = "<group>"; };
		0A6C008E2912544F00003294 /* Base */ = {isa = PBXFileReference; lastKnownFileType = file.storyboard; name = Base; path = Base.lproj/LaunchScreen.storyboard; sourceTree = "<group>"; };
		0A6C00902912544F00003294 /* Info.plist */ = {isa = PBXFileReference; lastKnownFileType = text.plist.xml; path = Info.plist; sourceTree = "<group>"; };
		0A6C0098291254BA00003294 /* SignUpViewController.swift */ = {isa = PBXFileReference; lastKnownFileType = sourcecode.swift; path = SignUpViewController.swift; sourceTree = "<group>"; };
		0A6C009A2912550200003294 /* SeSACAPI.swift */ = {isa = PBXFileReference; lastKnownFileType = sourcecode.swift; path = SeSACAPI.swift; sourceTree = "<group>"; };
		0A6C00A02912575200003294 /* APIService.swift */ = {isa = PBXFileReference; lastKnownFileType = sourcecode.swift; path = APIService.swift; sourceTree = "<group>"; };
		0A6C00A229127A5800003294 /* Login.swift */ = {isa = PBXFileReference; lastKnownFileType = sourcecode.swift; path = Login.swift; sourceTree = "<group>"; };
		0A6C00A429127B8B00003294 /* Profile.swift */ = {isa = PBXFileReference; lastKnownFileType = sourcecode.swift; path = Profile.swift; sourceTree = "<group>"; };
		0A6C00A629127B9400003294 /* User.swift */ = {isa = PBXFileReference; lastKnownFileType = sourcecode.swift; path = User.swift; sourceTree = "<group>"; };
		0A6C00A92912819300003294 /* StatusCode.swift */ = {isa = PBXFileReference; lastKnownFileType = sourcecode.swift; path = StatusCode.swift; sourceTree = "<group>"; };
		0A6C00AC2912881100003294 /* Alert+Extension.swift */ = {isa = PBXFileReference; lastKnownFileType = sourcecode.swift; path = "Alert+Extension.swift"; sourceTree = "<group>"; };
		0A6C00AF2912884700003294 /* BaseViewController.swift */ = {isa = PBXFileReference; lastKnownFileType = sourcecode.swift; path = BaseViewController.swift; sourceTree = "<group>"; };
		0A6C00B72912888900003294 /* BaseView.swift */ = {isa = PBXFileReference; lastKnownFileType = sourcecode.swift; path = BaseView.swift; sourceTree = "<group>"; };
		0A6C00BA291288B500003294 /* SignUpView.swift */ = {isa = PBXFileReference; lastKnownFileType = sourcecode.swift; path = SignUpView.swift; sourceTree = "<group>"; };
		0A6C00BF291289A500003294 /* CustomTextField.swift */ = {isa = PBXFileReference; lastKnownFileType = sourcecode.swift; path = CustomTextField.swift; sourceTree = "<group>"; };
		0A6C00C129128DB500003294 /* String+Extension.swift */ = {isa = PBXFileReference; lastKnownFileType = sourcecode.swift; path = "String+Extension.swift"; sourceTree = "<group>"; };
		0A6C00C329128FC200003294 /* CustomLabel.swift */ = {isa = PBXFileReference; lastKnownFileType = sourcecode.swift; path = CustomLabel.swift; sourceTree = "<group>"; };
		0A6C00C5291296CF00003294 /* SignUpViewModel.swift */ = {isa = PBXFileReference; lastKnownFileType = sourcecode.swift; path = SignUpViewModel.swift; sourceTree = "<group>"; };
		0A6C00CC2912B58100003294 /* GuideLabel.swift */ = {isa = PBXFileReference; lastKnownFileType = sourcecode.swift; path = GuideLabel.swift; sourceTree = "<group>"; };
		0A6C00CE2912C53100003294 /* Inset+Extension.swift */ = {isa = PBXFileReference; lastKnownFileType = sourcecode.swift; path = "Inset+Extension.swift"; sourceTree = "<group>"; };
/* End PBXFileReference section */

/* Begin PBXFrameworksBuildPhase section */
		0A6C007C2912544E00003294 /* Frameworks */ = {
			isa = PBXFrameworksBuildPhase;
			buildActionMask = 2147483647;
			files = (
				0A6C009F291255EE00003294 /* Alamofire in Frameworks */,
				0A6C00B62912887700003294 /* Then in Frameworks */,
				0A6C00CB2912980D00003294 /* RxSwift in Frameworks */,
				0A6C00C92912980C00003294 /* RxCocoa in Frameworks */,
				0A6C00B32912886B00003294 /* SnapKit in Frameworks */,
			);
			runOnlyForDeploymentPostprocessing = 0;
		};
/* End PBXFrameworksBuildPhase section */

/* Begin PBXGroup section */
		0A6C00762912544E00003294 = {
			isa = PBXGroup;
			children = (
				0A6C00812912544E00003294 /* SignUp */,
				0A6C00802912544E00003294 /* Products */,
			);
			sourceTree = "<group>";
		};
		0A6C00802912544E00003294 /* Products */ = {
			isa = PBXGroup;
			children = (
				0A6C007F2912544E00003294 /* SignUp.app */,
			);
			name = Products;
			sourceTree = "<group>";
		};
		0A6C00812912544E00003294 /* SignUp */ = {
			isa = PBXGroup;
			children = (
				0A6C00A82912816E00003294 /* Utilities */,
				0A6C00962912547D00003294 /* Networking */,
				0A6C00972912548B00003294 /* Scenes */,
				0A6C009C2912550800003294 /* Data */,
				0A6C00822912544E00003294 /* AppDelegate.swift */,
				0A6C00842912544E00003294 /* SceneDelegate.swift */,
				0A6C00862912544E00003294 /* ViewController.swift */,
				0A6C00882912544E00003294 /* Main.storyboard */,
				0A6C008B2912544F00003294 /* Assets.xcassets */,
				0A6C008D2912544F00003294 /* LaunchScreen.storyboard */,
				0A6C00902912544F00003294 /* Info.plist */,
			);
			path = SignUp;
			sourceTree = "<group>";
		};
		0A6C00962912547D00003294 /* Networking */ = {
			isa = PBXGroup;
			children = (
				0A6C009A2912550200003294 /* SeSACAPI.swift */,
				0A6C00A02912575200003294 /* APIService.swift */,
			);
			path = Networking;
			sourceTree = "<group>";
		};
		0A6C00972912548B00003294 /* Scenes */ = {
			isa = PBXGroup;
			children = (
				0A6C00B9291288A300003294 /* SignUp */,
			);
			path = Scenes;
			sourceTree = "<group>";
		};
		0A6C009C2912550800003294 /* Data */ = {
			isa = PBXGroup;
			children = (
				0A6C00A229127A5800003294 /* Login.swift */,
				0A6C00A429127B8B00003294 /* Profile.swift */,
				0A6C00A629127B9400003294 /* User.swift */,
			);
			path = Data;
			sourceTree = "<group>";
		};
		0A6C00A82912816E00003294 /* Utilities */ = {
			isa = PBXGroup;
			children = (
				0A6C00BD2912896600003294 /* Constants */,
				0A6C00BC2912896100003294 /* Custom */,
				0A6C00AB2912880100003294 /* Extensions */,
				0A6C00AE2912882B00003294 /* Base */,
			);
			path = Utilities;
			sourceTree = "<group>";
		};
		0A6C00AB2912880100003294 /* Extensions */ = {
			isa = PBXGroup;
			children = (
				0A6C00AC2912881100003294 /* Alert+Extension.swift */,
				0A6C00CE2912C53100003294 /* Inset+Extension.swift */,
			);
			path = Extensions;
			sourceTree = "<group>";
		};
		0A6C00AE2912882B00003294 /* Base */ = {
			isa = PBXGroup;
			children = (
				0A6C00AF2912884700003294 /* BaseViewController.swift */,
				0A6C00B72912888900003294 /* BaseView.swift */,
			);
			path = Base;
			sourceTree = "<group>";
		};
		0A6C00B9291288A300003294 /* SignUp */ = {
			isa = PBXGroup;
			children = (
				0A6C0098291254BA00003294 /* SignUpViewController.swift */,
				0A6C00BA291288B500003294 /* SignUpView.swift */,
				0A6C00C5291296CF00003294 /* SignUpViewModel.swift */,
			);
			path = SignUp;
			sourceTree = "<group>";
		};
		0A6C00BC2912896100003294 /* Custom */ = {
			isa = PBXGroup;
			children = (
				0A6C00BF291289A500003294 /* CustomTextField.swift */,
				0A6C00C329128FC200003294 /* CustomLabel.swift */,
				0A6C00CC2912B58100003294 /* GuideLabel.swift */,
			);
			path = Custom;
			sourceTree = "<group>";
		};
		0A6C00BD2912896600003294 /* Constants */ = {
			isa = PBXGroup;
			children = (
				0A6C00A92912819300003294 /* StatusCode.swift */,
				0A6C00C129128DB500003294 /* String+Extension.swift */,
			);
			path = Constants;
			sourceTree = "<group>";
		};
/* End PBXGroup section */

/* Begin PBXNativeTarget section */
		0A6C007E2912544E00003294 /* SignUp */ = {
			isa = PBXNativeTarget;
			buildConfigurationList = 0A6C00932912544F00003294 /* Build configuration list for PBXNativeTarget "SignUp" */;
			buildPhases = (
				0A6C007B2912544E00003294 /* Sources */,
				0A6C007C2912544E00003294 /* Frameworks */,
				0A6C007D2912544E00003294 /* Resources */,
			);
			buildRules = (
			);
			dependencies = (
			);
			name = SignUp;
			packageProductDependencies = (
				0A6C009E291255EE00003294 /* Alamofire */,
				0A6C00B22912886B00003294 /* SnapKit */,
				0A6C00B52912887700003294 /* Then */,
				0A6C00C82912980C00003294 /* RxCocoa */,
				0A6C00CA2912980D00003294 /* RxSwift */,
			);
			productName = SignUp;
			productReference = 0A6C007F2912544E00003294 /* SignUp.app */;
			productType = "com.apple.product-type.application";
		};
/* End PBXNativeTarget section */

/* Begin PBXProject section */
		0A6C00772912544E00003294 /* Project object */ = {
			isa = PBXProject;
			attributes = {
				BuildIndependentTargetsInParallel = 1;
				LastSwiftUpdateCheck = 1400;
				LastUpgradeCheck = 1400;
				TargetAttributes = {
					0A6C007E2912544E00003294 = {
						CreatedOnToolsVersion = 14.0.1;
					};
				};
			};
			buildConfigurationList = 0A6C007A2912544E00003294 /* Build configuration list for PBXProject "SignUp" */;
			compatibilityVersion = "Xcode 14.0";
			developmentRegion = en;
			hasScannedForEncodings = 0;
			knownRegions = (
				en,
				Base,
			);
			mainGroup = 0A6C00762912544E00003294;
			packageReferences = (
				0A6C009D291255EE00003294 /* XCRemoteSwiftPackageReference "Alamofire" */,
				0A6C00B12912886B00003294 /* XCRemoteSwiftPackageReference "SnapKit" */,
				0A6C00B42912887700003294 /* XCRemoteSwiftPackageReference "Then" */,
				0A6C00C72912980C00003294 /* XCRemoteSwiftPackageReference "RxSwift" */,
			);
			productRefGroup = 0A6C00802912544E00003294 /* Products */;
			projectDirPath = "";
			projectRoot = "";
			targets = (
				0A6C007E2912544E00003294 /* SignUp */,
			);
		};
/* End PBXProject section */

/* Begin PBXResourcesBuildPhase section */
		0A6C007D2912544E00003294 /* Resources */ = {
			isa = PBXResourcesBuildPhase;
			buildActionMask = 2147483647;
			files = (
				0A6C008F2912544F00003294 /* LaunchScreen.storyboard in Resources */,
				0A6C008C2912544F00003294 /* Assets.xcassets in Resources */,
				0A6C008A2912544E00003294 /* Main.storyboard in Resources */,
			);
			runOnlyForDeploymentPostprocessing = 0;
		};
/* End PBXResourcesBuildPhase section */

/* Begin PBXSourcesBuildPhase section */
		0A6C007B2912544E00003294 /* Sources */ = {
			isa = PBXSourcesBuildPhase;
			buildActionMask = 2147483647;
			files = (
				0A6C00C229128DB500003294 /* String+Extension.swift in Sources */,
				0A6C00A329127A5800003294 /* Login.swift in Sources */,
				0A6C00B82912888900003294 /* BaseView.swift in Sources */,
				0A6C00A529127B8B00003294 /* Profile.swift in Sources */,
				0A6C00C6291296CF00003294 /* SignUpViewModel.swift in Sources */,
				0A6C00AD2912881100003294 /* Alert+Extension.swift in Sources */,
				0A6C00C429128FC200003294 /* CustomLabel.swift in Sources */,
				0A6C00872912544E00003294 /* ViewController.swift in Sources */,
				0A6C00832912544E00003294 /* AppDelegate.swift in Sources */,
				0A6C00B02912884700003294 /* BaseViewController.swift in Sources */,
				0A6C0099291254BA00003294 /* SignUpViewController.swift in Sources */,
				0A6C00CD2912B58100003294 /* GuideLabel.swift in Sources */,
				0A6C00A729127B9400003294 /* User.swift in Sources */,
				0A6C00AA2912819300003294 /* StatusCode.swift in Sources */,
				0A6C00BB291288B500003294 /* SignUpView.swift in Sources */,
				0A6C00852912544E00003294 /* SceneDelegate.swift in Sources */,
				0A6C00A12912575200003294 /* APIService.swift in Sources */,
				0A6C009B2912550200003294 /* SeSACAPI.swift in Sources */,
				0A6C00C0291289A500003294 /* CustomTextField.swift in Sources */,
				0A6C00CF2912C53100003294 /* Inset+Extension.swift in Sources */,
			);
			runOnlyForDeploymentPostprocessing = 0;
		};
/* End PBXSourcesBuildPhase section */

/* Begin PBXVariantGroup section */
		0A6C00882912544E00003294 /* Main.storyboard */ = {
			isa = PBXVariantGroup;
			children = (
				0A6C00892912544E00003294 /* Base */,
			);
			name = Main.storyboard;
			sourceTree = "<group>";
		};
		0A6C008D2912544F00003294 /* LaunchScreen.storyboard */ = {
			isa = PBXVariantGroup;
			children = (
				0A6C008E2912544F00003294 /* Base */,
			);
			name = LaunchScreen.storyboard;
			sourceTree = "<group>";
		};
/* End PBXVariantGroup section */

/* Begin XCBuildConfiguration section */
		0A6C00912912544F00003294 /* Debug */ = {
			isa = XCBuildConfiguration;
			buildSettings = {
				ALWAYS_SEARCH_USER_PATHS = NO;
				CLANG_ANALYZER_NONNULL = YES;
				CLANG_ANALYZER_NUMBER_OBJECT_CONVERSION = YES_AGGRESSIVE;
				CLANG_CXX_LANGUAGE_STANDARD = "gnu++20";
				CLANG_ENABLE_MODULES = YES;
				CLANG_ENABLE_OBJC_ARC = YES;
				CLANG_ENABLE_OBJC_WEAK = YES;
				CLANG_WARN_BLOCK_CAPTURE_AUTORELEASING = YES;
				CLANG_WARN_BOOL_CONVERSION = YES;
				CLANG_WARN_COMMA = YES;
				CLANG_WARN_CONSTANT_CONVERSION = YES;
				CLANG_WARN_DEPRECATED_OBJC_IMPLEMENTATIONS = YES;
				CLANG_WARN_DIRECT_OBJC_ISA_USAGE = YES_ERROR;
				CLANG_WARN_DOCUMENTATION_COMMENTS = YES;
				CLANG_WARN_EMPTY_BODY = YES;
				CLANG_WARN_ENUM_CONVERSION = YES;
				CLANG_WARN_INFINITE_RECURSION = YES;
				CLANG_WARN_INT_CONVERSION = YES;
				CLANG_WARN_NON_LITERAL_NULL_CONVERSION = YES;
				CLANG_WARN_OBJC_IMPLICIT_RETAIN_SELF = YES;
				CLANG_WARN_OBJC_LITERAL_CONVERSION = YES;
				CLANG_WARN_OBJC_ROOT_CLASS = YES_ERROR;
				CLANG_WARN_QUOTED_INCLUDE_IN_FRAMEWORK_HEADER = YES;
				CLANG_WARN_RANGE_LOOP_ANALYSIS = YES;
				CLANG_WARN_STRICT_PROTOTYPES = YES;
				CLANG_WARN_SUSPICIOUS_MOVE = YES;
				CLANG_WARN_UNGUARDED_AVAILABILITY = YES_AGGRESSIVE;
				CLANG_WARN_UNREACHABLE_CODE = YES;
				CLANG_WARN__DUPLICATE_METHOD_MATCH = YES;
				COPY_PHASE_STRIP = NO;
				DEBUG_INFORMATION_FORMAT = dwarf;
				ENABLE_STRICT_OBJC_MSGSEND = YES;
				ENABLE_TESTABILITY = YES;
				GCC_C_LANGUAGE_STANDARD = gnu11;
				GCC_DYNAMIC_NO_PIC = NO;
				GCC_NO_COMMON_BLOCKS = YES;
				GCC_OPTIMIZATION_LEVEL = 0;
				GCC_PREPROCESSOR_DEFINITIONS = (
					"DEBUG=1",
					"$(inherited)",
				);
				GCC_WARN_64_TO_32_BIT_CONVERSION = YES;
				GCC_WARN_ABOUT_RETURN_TYPE = YES_ERROR;
				GCC_WARN_UNDECLARED_SELECTOR = YES;
				GCC_WARN_UNINITIALIZED_AUTOS = YES_AGGRESSIVE;
				GCC_WARN_UNUSED_FUNCTION = YES;
				GCC_WARN_UNUSED_VARIABLE = YES;
				IPHONEOS_DEPLOYMENT_TARGET = 16.0;
				MTL_ENABLE_DEBUG_INFO = INCLUDE_SOURCE;
				MTL_FAST_MATH = YES;
				ONLY_ACTIVE_ARCH = YES;
				SDKROOT = iphoneos;
				SWIFT_ACTIVE_COMPILATION_CONDITIONS = DEBUG;
				SWIFT_OPTIMIZATION_LEVEL = "-Onone";
			};
			name = Debug;
		};
		0A6C00922912544F00003294 /* Release */ = {
			isa = XCBuildConfiguration;
			buildSettings = {
				ALWAYS_SEARCH_USER_PATHS = NO;
				CLANG_ANALYZER_NONNULL = YES;
				CLANG_ANALYZER_NUMBER_OBJECT_CONVERSION = YES_AGGRESSIVE;
				CLANG_CXX_LANGUAGE_STANDARD = "gnu++20";
				CLANG_ENABLE_MODULES = YES;
				CLANG_ENABLE_OBJC_ARC = YES;
				CLANG_ENABLE_OBJC_WEAK = YES;
				CLANG_WARN_BLOCK_CAPTURE_AUTORELEASING = YES;
				CLANG_WARN_BOOL_CONVERSION = YES;
				CLANG_WARN_COMMA = YES;
				CLANG_WARN_CONSTANT_CONVERSION = YES;
				CLANG_WARN_DEPRECATED_OBJC_IMPLEMENTATIONS = YES;
				CLANG_WARN_DIRECT_OBJC_ISA_USAGE = YES_ERROR;
				CLANG_WARN_DOCUMENTATION_COMMENTS = YES;
				CLANG_WARN_EMPTY_BODY = YES;
				CLANG_WARN_ENUM_CONVERSION = YES;
				CLANG_WARN_INFINITE_RECURSION = YES;
				CLANG_WARN_INT_CONVERSION = YES;
				CLANG_WARN_NON_LITERAL_NULL_CONVERSION = YES;
				CLANG_WARN_OBJC_IMPLICIT_RETAIN_SELF = YES;
				CLANG_WARN_OBJC_LITERAL_CONVERSION = YES;
				CLANG_WARN_OBJC_ROOT_CLASS = YES_ERROR;
				CLANG_WARN_QUOTED_INCLUDE_IN_FRAMEWORK_HEADER = YES;
				CLANG_WARN_RANGE_LOOP_ANALYSIS = YES;
				CLANG_WARN_STRICT_PROTOTYPES = YES;
				CLANG_WARN_SUSPICIOUS_MOVE = YES;
				CLANG_WARN_UNGUARDED_AVAILABILITY = YES_AGGRESSIVE;
				CLANG_WARN_UNREACHABLE_CODE = YES;
				CLANG_WARN__DUPLICATE_METHOD_MATCH = YES;
				COPY_PHASE_STRIP = NO;
				DEBUG_INFORMATION_FORMAT = "dwarf-with-dsym";
				ENABLE_NS_ASSERTIONS = NO;
				ENABLE_STRICT_OBJC_MSGSEND = YES;
				GCC_C_LANGUAGE_STANDARD = gnu11;
				GCC_NO_COMMON_BLOCKS = YES;
				GCC_WARN_64_TO_32_BIT_CONVERSION = YES;
				GCC_WARN_ABOUT_RETURN_TYPE = YES_ERROR;
				GCC_WARN_UNDECLARED_SELECTOR = YES;
				GCC_WARN_UNINITIALIZED_AUTOS = YES_AGGRESSIVE;
				GCC_WARN_UNUSED_FUNCTION = YES;
				GCC_WARN_UNUSED_VARIABLE = YES;
				IPHONEOS_DEPLOYMENT_TARGET = 16.0;
				MTL_ENABLE_DEBUG_INFO = NO;
				MTL_FAST_MATH = YES;
				SDKROOT = iphoneos;
				SWIFT_COMPILATION_MODE = wholemodule;
				SWIFT_OPTIMIZATION_LEVEL = "-O";
				VALIDATE_PRODUCT = YES;
			};
			name = Release;
		};
		0A6C00942912544F00003294 /* Debug */ = {
			isa = XCBuildConfiguration;
			buildSettings = {
				ASSETCATALOG_COMPILER_APPICON_NAME = AppIcon;
				ASSETCATALOG_COMPILER_GLOBAL_ACCENT_COLOR_NAME = AccentColor;
				CODE_SIGN_STYLE = Automatic;
				CURRENT_PROJECT_VERSION = 1;
				GENERATE_INFOPLIST_FILE = YES;
				INFOPLIST_FILE = SignUp/Info.plist;
				INFOPLIST_KEY_UIApplicationSupportsIndirectInputEvents = YES;
				INFOPLIST_KEY_UILaunchStoryboardName = LaunchScreen;
				INFOPLIST_KEY_UIMainStoryboardFile = Main;
				INFOPLIST_KEY_UISupportedInterfaceOrientations_iPad = "UIInterfaceOrientationPortrait UIInterfaceOrientationPortraitUpsideDown UIInterfaceOrientationLandscapeLeft UIInterfaceOrientationLandscapeRight";
				INFOPLIST_KEY_UISupportedInterfaceOrientations_iPhone = "UIInterfaceOrientationPortrait UIInterfaceOrientationLandscapeLeft UIInterfaceOrientationLandscapeRight";
				IPHONEOS_DEPLOYMENT_TARGET = 15.0;
				LD_RUNPATH_SEARCH_PATHS = (
					"$(inherited)",
					"@executable_path/Frameworks",
				);
				MARKETING_VERSION = 1.0;
				PRODUCT_BUNDLE_IDENTIFIER = com.sani.SignUp;
				PRODUCT_NAME = "$(TARGET_NAME)";
				SWIFT_EMIT_LOC_STRINGS = YES;
				SWIFT_VERSION = 5.0;
				TARGETED_DEVICE_FAMILY = "1,2";
			};
			name = Debug;
		};
		0A6C00952912544F00003294 /* Release */ = {
			isa = XCBuildConfiguration;
			buildSettings = {
				ASSETCATALOG_COMPILER_APPICON_NAME = AppIcon;
				ASSETCATALOG_COMPILER_GLOBAL_ACCENT_COLOR_NAME = AccentColor;
				CODE_SIGN_STYLE = Automatic;
				CURRENT_PROJECT_VERSION = 1;
				GENERATE_INFOPLIST_FILE = YES;
				INFOPLIST_FILE = SignUp/Info.plist;
				INFOPLIST_KEY_UIApplicationSupportsIndirectInputEvents = YES;
				INFOPLIST_KEY_UILaunchStoryboardName = LaunchScreen;
				INFOPLIST_KEY_UIMainStoryboardFile = Main;
				INFOPLIST_KEY_UISupportedInterfaceOrientations_iPad = "UIInterfaceOrientationPortrait UIInterfaceOrientationPortraitUpsideDown UIInterfaceOrientationLandscapeLeft UIInterfaceOrientationLandscapeRight";
				INFOPLIST_KEY_UISupportedInterfaceOrientations_iPhone = "UIInterfaceOrientationPortrait UIInterfaceOrientationLandscapeLeft UIInterfaceOrientationLandscapeRight";
				IPHONEOS_DEPLOYMENT_TARGET = 15.0;
				LD_RUNPATH_SEARCH_PATHS = (
					"$(inherited)",
					"@executable_path/Frameworks",
				);
				MARKETING_VERSION = 1.0;
				PRODUCT_BUNDLE_IDENTIFIER = com.sani.SignUp;
				PRODUCT_NAME = "$(TARGET_NAME)";
				SWIFT_EMIT_LOC_STRINGS = YES;
				SWIFT_VERSION = 5.0;
				TARGETED_DEVICE_FAMILY = "1,2";
			};
			name = Release;
		};
/* End XCBuildConfiguration section */

/* Begin XCConfigurationList section */
		0A6C007A2912544E00003294 /* Build configuration list for PBXProject "SignUp" */ = {
			isa = XCConfigurationList;
			buildConfigurations = (
				0A6C00912912544F00003294 /* Debug */,
				0A6C00922912544F00003294 /* Release */,
			);
			defaultConfigurationIsVisible = 0;
			defaultConfigurationName = Release;
		};
		0A6C00932912544F00003294 /* Build configuration list for PBXNativeTarget "SignUp" */ = {
			isa = XCConfigurationList;
			buildConfigurations = (
				0A6C00942912544F00003294 /* Debug */,
				0A6C00952912544F00003294 /* Release */,
			);
			defaultConfigurationIsVisible = 0;
			defaultConfigurationName = Release;
		};
/* End XCConfigurationList section */

/* Begin XCRemoteSwiftPackageReference section */
		0A6C009D291255EE00003294 /* XCRemoteSwiftPackageReference "Alamofire" */ = {
			isa = XCRemoteSwiftPackageReference;
			repositoryURL = "https://github.com/Alamofire/Alamofire";
			requirement = {
				kind = upToNextMajorVersion;
				minimumVersion = 5.0.0;
			};
		};
		0A6C00B12912886B00003294 /* XCRemoteSwiftPackageReference "SnapKit" */ = {
			isa = XCRemoteSwiftPackageReference;
			repositoryURL = "https://github.com/SnapKit/SnapKit";
			requirement = {
				kind = upToNextMajorVersion;
				minimumVersion = 5.0.0;
			};
		};
		0A6C00B42912887700003294 /* XCRemoteSwiftPackageReference "Then" */ = {
			isa = XCRemoteSwiftPackageReference;
			repositoryURL = "https://github.com/devxoul/Then";
			requirement = {
				kind = upToNextMajorVersion;
				minimumVersion = 3.0.0;
			};
		};
		0A6C00C72912980C00003294 /* XCRemoteSwiftPackageReference "RxSwift" */ = {
			isa = XCRemoteSwiftPackageReference;
			repositoryURL = "https://github.com/ReactiveX/RxSwift";
			requirement = {
				kind = upToNextMajorVersion;
				minimumVersion = 6.0.0;
			};
		};
/* End XCRemoteSwiftPackageReference section */

/* Begin XCSwiftPackageProductDependency section */
		0A6C009E291255EE00003294 /* Alamofire */ = {
			isa = XCSwiftPackageProductDependency;
			package = 0A6C009D291255EE00003294 /* XCRemoteSwiftPackageReference "Alamofire" */;
			productName = Alamofire;
		};
		0A6C00B22912886B00003294 /* SnapKit */ = {
			isa = XCSwiftPackageProductDependency;
			package = 0A6C00B12912886B00003294 /* XCRemoteSwiftPackageReference "SnapKit" */;
			productName = SnapKit;
		};
		0A6C00B52912887700003294 /* Then */ = {
			isa = XCSwiftPackageProductDependency;
			package = 0A6C00B42912887700003294 /* XCRemoteSwiftPackageReference "Then" */;
			productName = Then;
		};
		0A6C00C82912980C00003294 /* RxCocoa */ = {
			isa = XCSwiftPackageProductDependency;
			package = 0A6C00C72912980C00003294 /* XCRemoteSwiftPackageReference "RxSwift" */;
			productName = RxCocoa;
		};
		0A6C00CA2912980D00003294 /* RxSwift */ = {
			isa = XCSwiftPackageProductDependency;
			package = 0A6C00C72912980C00003294 /* XCRemoteSwiftPackageReference "RxSwift" */;
			productName = RxSwift;
		};
/* End XCSwiftPackageProductDependency section */
	};
	rootObject = 0A6C00772912544E00003294 /* Project object */;
}
